
Microsoft Visual Studio Solution File, Format Version 12.00
# Visual Studio 15
VisualStudioVersion = 15.0.28307.329
MinimumVisualStudioVersion = 10.0.40219.1
Project("{FAE04EC0-301F-11D3-BF4B-00C04F79EFBC}") = "Surly.Commoner.Net", "Surly.Commoner.Net\Surly.Commoner.Net.csproj", "{4C72AF4B-F465-4339-9EBF-32C616ECCFB1}"
EndProject
Project("{FAE04EC0-301F-11D3-BF4B-00C04F79EFBC}") = "Tests.Surly.Commoner.Net", "Tests.Surly.Commoner.Net\Tests.Surly.Commoner.Net.csproj", "{2BA6F841-7D74-48AD-BC5E-C3BEBFE3F406}"
EndProject
Global
	GlobalSection(SolutionConfigurationPlatforms) = preSolution
		Debug|Any CPU = Debug|Any CPU
		Release|Any CPU = Release|Any CPU
	EndGlobalSection
	GlobalSection(ProjectConfigurationPlatforms) = postSolution
		{4C72AF4B-F465-4339-9EBF-32C616ECCFB1}.Debug|Any CPU.ActiveCfg = Debug|Any CPU
		{4C72AF4B-F465-4339-9EBF-32C616ECCFB1}.Debug|Any CPU.Build.0 = Debug|Any CPU
		{4C72AF4B-F465-4339-9EBF-32C616ECCFB1}.Release|Any CPU.ActiveCfg = Release|Any CPU
		{4C72AF4B-F465-4339-9EBF-32C616ECCFB1}.Release|Any CPU.Build.0 = Release|Any CPU
		{2BA6F841-7D74-48AD-BC5E-C3BEBFE3F406}.Debug|Any CPU.ActiveCfg = Debug|Any CPU
		{2BA6F841-7D74-48AD-BC5E-C3BEBFE3F406}.Debug|Any CPU.Build.0 = Debug|Any CPU
		{2BA6F841-7D74-48AD-BC5E-C3BEBFE3F406}.Release|Any CPU.ActiveCfg = Release|Any CPU
		{2BA6F841-7D74-48AD-BC5E-C3BEBFE3F406}.Release|Any CPU.Build.0 = Release|Any CPU
	EndGlobalSection
	GlobalSection(SolutionProperties) = preSolution
		HideSolutionNode = FALSE
	EndGlobalSection
	GlobalSection(ExtensibilityGlobals) = postSolution
		SolutionGuid = {F64E96F4-B1C1-4CC4-87AF-58CB0B68283C}
	EndGlobalSection
EndGlobal
